
Microsoft Visual Studio Solution File, Format Version 12.00
# Visual Studio Version 17
VisualStudioVersion = 17.11.35327.3
MinimumVisualStudioVersion = 10.0.40219.1
Project("{FAE04EC0-301F-11D3-BF4B-00C04F79EFBC}") = "UI", "UI\UI.csproj", "{85CB79D9-A7C4-41B0-9E52-FA1DEB93B3FE}"
EndProject
Project("{FAE04EC0-301F-11D3-BF4B-00C04F79EFBC}") = "DAL", "DAL\DAL.csproj", "{8A55D0FF-66A1-47ED-BA4B-6A2C7E917B57}"
EndProject
Project("{FAE04EC0-301F-11D3-BF4B-00C04F79EFBC}") = "EL", "EL\EL.csproj", "{4F067255-E168-40A7-BF1C-C241FA41FEC1}"
EndProject
Global
	GlobalSection(SolutionConfigurationPlatforms) = preSolution
		Debug|Any CPU = Debug|Any CPU
		Release|Any CPU = Release|Any CPU
	EndGlobalSection
	GlobalSection(ProjectConfigurationPlatforms) = postSolution
		{85CB79D9-A7C4-41B0-9E52-FA1DEB93B3FE}.Debug|Any CPU.ActiveCfg = Debug|Any CPU
		{85CB79D9-A7C4-41B0-9E52-FA1DEB93B3FE}.Debug|Any CPU.Build.0 = Debug|Any CPU
		{85CB79D9-A7C4-41B0-9E52-FA1DEB93B3FE}.Release|Any CPU.ActiveCfg = Release|Any CPU
		{85CB79D9-A7C4-41B0-9E52-FA1DEB93B3FE}.Release|Any CPU.Build.0 = Release|Any CPU
		{8A55D0FF-66A1-47ED-BA4B-6A2C7E917B57}.Debug|Any CPU.ActiveCfg = Debug|Any CPU
		{8A55D0FF-66A1-47ED-BA4B-6A2C7E917B57}.Debug|Any CPU.Build.0 = Debug|Any CPU
		{8A55D0FF-66A1-47ED-BA4B-6A2C7E917B57}.Release|Any CPU.ActiveCfg = Release|Any CPU
		{8A55D0FF-66A1-47ED-BA4B-6A2C7E917B57}.Release|Any CPU.Build.0 = Release|Any CPU
		{4F067255-E168-40A7-BF1C-C241FA41FEC1}.Debug|Any CPU.ActiveCfg = Debug|Any CPU
		{4F067255-E168-40A7-BF1C-C241FA41FEC1}.Debug|Any CPU.Build.0 = Debug|Any CPU
		{4F067255-E168-40A7-BF1C-C241FA41FEC1}.Release|Any CPU.ActiveCfg = Release|Any CPU
		{4F067255-E168-40A7-BF1C-C241FA41FEC1}.Release|Any CPU.Build.0 = Release|Any CPU
	EndGlobalSection
	GlobalSection(SolutionProperties) = preSolution
		HideSolutionNode = FALSE
	EndGlobalSection
	GlobalSection(ExtensibilityGlobals) = postSolution
		SolutionGuid = {03518CD8-BE61-4717-A330-1640CC1DA94E}
	EndGlobalSection
EndGlobal
